Microsoft Visual Studio Solution File, Format Version 12.00
# Visual Studio Version 17
VisualStudioVersion = 17.5.2.0
MinimumVisualStudioVersion = 10.0.40219.1
Project("{FAE04EC0-301F-11D3-BF4B-00C04F79EFBC}") = "CineMaster-frontend", "CineMaster-frontend.csproj", "{D7680603-633B-034B-98B5-93F048A90E97}"
EndProject
Global
	GlobalSection(SolutionConfigurationPlatforms) = preSolution
		Debug|Any CPU = Debug|Any CPU
		Release|Any CPU = Release|Any CPU
	EndGlobalSection
	GlobalSection(ProjectConfigurationPlatforms) = postSolution
		{D7680603-633B-034B-98B5-93F048A90E97}.Debug|Any CPU.ActiveCfg = Debug|Any CPU
		{D7680603-633B-034B-98B5-93F048A90E97}.Debug|Any CPU.Build.0 = Debug|Any CPU
		{D7680603-633B-034B-98B5-93F048A90E97}.Release|Any CPU.ActiveCfg = Release|Any CPU
		{D7680603-633B-034B-98B5-93F048A90E97}.Release|Any CPU.Build.0 = Release|Any CPU
	EndGlobalSection
	GlobalSection(SolutionProperties) = preSolution
		HideSolutionNode = FALSE
	EndGlobalSection
	GlobalSection(ExtensibilityGlobals) = postSolution
		SolutionGuid = {C8B4B2E2-DA31-4592-B036-2EBFB7C6E297}
	EndGlobalSection
EndGlobal
